
Microsoft Visual Studio Solution File, Format Version 12.00
# Visual Studio Version 17
VisualStudioVersion = 17.13.35931.197 d17.13
MinimumVisualStudioVersion = 10.0.40219.1
Project("{FAE04EC0-301F-11D3-BF4B-00C04F79EFBC}") = "Trials_of_the_Valley", "Trials_of_the_Valley\Trials_of_the_Valley.csproj", "{988A8F05-9B46-4EDD-8BC5-F91107A3F9FC}"
EndProject
Global
	GlobalSection(SolutionConfigurationPlatforms) = preSolution
		Debug|Any CPU = Debug|Any CPU
		Release|Any CPU = Release|Any CPU
	EndGlobalSection
	GlobalSection(ProjectConfigurationPlatforms) = postSolution
		{988A8F05-9B46-4EDD-8BC5-F91107A3F9FC}.Debug|Any CPU.ActiveCfg = Debug|Any CPU
		{988A8F05-9B46-4EDD-8BC5-F91107A3F9FC}.Debug|Any CPU.Build.0 = Debug|Any CPU
		{988A8F05-9B46-4EDD-8BC5-F91107A3F9FC}.Release|Any CPU.ActiveCfg = Release|Any CPU
		{988A8F05-9B46-4EDD-8BC5-F91107A3F9FC}.Release|Any CPU.Build.0 = Release|Any CPU
	EndGlobalSection
	GlobalSection(SolutionProperties) = preSolution
		HideSolutionNode = FALSE
	EndGlobalSection
	GlobalSection(ExtensibilityGlobals) = postSolution
		SolutionGuid = {6BF3639D-C16B-491D-AA0F-5CC7961C9486}
	EndGlobalSection
EndGlobal
